
Microsoft Visual Studio Solution File, Format Version 12.00
# Visual Studio Version 16
VisualStudioVersion = 16.0.31624.102
MinimumVisualStudioVersion = 10.0.40219.1
Project("{FAE04EC0-301F-11D3-BF4B-00C04F79EFBC}") = "Machine.UI", "Machine.UI\Machine.UI.csproj", "{A9462F57-4D2F-423A-B36C-44C4071B722C}"
EndProject
Project("{FAE04EC0-301F-11D3-BF4B-00C04F79EFBC}") = "Machine", "Machine\Machine.csproj", "{2AF29CC5-7BCB-4032-928D-DF0272C4DEEE}"
EndProject
Global
	GlobalSection(SolutionConfigurationPlatforms) = preSolution
		Debug|Any CPU = Debug|Any CPU
		Release|Any CPU = Release|Any CPU
	EndGlobalSection
	GlobalSection(ProjectConfigurationPlatforms) = postSolution
		{A9462F57-4D2F-423A-B36C-44C4071B722C}.Debug|Any CPU.ActiveCfg = Debug|Any CPU
		{A9462F57-4D2F-423A-B36C-44C4071B722C}.Debug|Any CPU.Build.0 = Debug|Any CPU
		{A9462F57-4D2F-423A-B36C-44C4071B722C}.Release|Any CPU.ActiveCfg = Release|Any CPU
		{A9462F57-4D2F-423A-B36C-44C4071B722C}.Release|Any CPU.Build.0 = Release|Any CPU
		{2AF29CC5-7BCB-4032-928D-DF0272C4DEEE}.Debug|Any CPU.ActiveCfg = Debug|Any CPU
		{2AF29CC5-7BCB-4032-928D-DF0272C4DEEE}.Debug|Any CPU.Build.0 = Debug|Any CPU
		{2AF29CC5-7BCB-4032-928D-DF0272C4DEEE}.Release|Any CPU.ActiveCfg = Release|Any CPU
		{2AF29CC5-7BCB-4032-928D-DF0272C4DEEE}.Release|Any CPU.Build.0 = Release|Any CPU
	EndGlobalSection
	GlobalSection(SolutionProperties) = preSolution
		HideSolutionNode = FALSE
	EndGlobalSection
	GlobalSection(ExtensibilityGlobals) = postSolution
		SolutionGuid = {ED16B244-20FD-4318-8B6E-AF3D92FD17CA}
	EndGlobalSection
EndGlobal
